// !$*UTF8*$!
{
	archiveVersion = 1;
	classes = {
	};
	objectVersion = 46;
	objects = {

/* Begin PBXBuildFile section */
		8E16B00916DBDCBA006BA148 /* main.cpp in Sources */ = {isa = PBXBuildFile; fileRef = 8E16B00816DBDCBA006BA148 /* main.cpp */; };
		8E16B01516DBDCFF006BA148 /* sfml-audio.framework in Frameworks */ = {isa = PBXBuildFile; fileRef = 8E16B01116DBDCFF006BA148 /* sfml-audio.framework */; };
		8E16B01616DBDCFF006BA148 /* sfml-graphics.framework in Frameworks */ = {isa = PBXBuildFile; fileRef = 8E16B01216DBDCFF006BA148 /* sfml-graphics.framework */; };
		8E16B01716DBDCFF006BA148 /* sfml-system.framework in Frameworks */ = {isa = PBXBuildFile; fileRef = 8E16B01316DBDCFF006BA148 /* sfml-system.framework */; };
		8E16B01816DBDCFF006BA148 /* sfml-window.framework in Frameworks */ = {isa = PBXBuildFile; fileRef = 8E16B01416DBDCFF006BA148 /* sfml-window.framework */; };
		8E16B01C16DBE87D006BA148 /* GameScene.cpp in Sources */ = {isa = PBXBuildFile; fileRef = 8E16B01A16DBE87D006BA148 /* GameScene.cpp */; };
		8E16B02016DC30C8006BA148 /* Common.cpp in Sources */ = {isa = PBXBuildFile; fileRef = 8E16B01E16DC30C8006BA148 /* Common.cpp */; };
		8E16B02316DC38D2006BA148 /* GameView.cpp in Sources */ = {isa = PBXBuildFile; fileRef = 8E16B02116DC38D2006BA148 /* GameView.cpp */; };
		8E16B02616DC4210006BA148 /* PlayField.cpp in Sources */ = {isa = PBXBuildFile; fileRef = 8E16B02416DC4210006BA148 /* PlayField.cpp */; };
		8E2BA0CB16F4944C009F4655 /* BGRender.cpp in Sources */ = {isa = PBXBuildFile; fileRef = 8E2BA0C916F4944C009F4655 /* BGRender.cpp */; };
		8E2BA0CE16F510DF009F4655 /* RandomGenerator.cpp in Sources */ = {isa = PBXBuildFile; fileRef = 8E2BA0CC16F510DF009F4655 /* RandomGenerator.cpp */; };
		8E2BA12116F641A3009F4655 /* Quadrae.icns in Resources */ = {isa = PBXBuildFile; fileRef = 8E2BA0EE16F63C88009F4655 /* Quadrae.icns */; };
		8E2BA12316F641D6009F4655 /* bg.png in CopyFiles */ = {isa = PBXBuildFile; fileRef = 8E2BA0E916F63C88009F4655 /* bg.png */; };
		8E2BA12416F641D8009F4655 /* clear.wav in CopyFiles */ = {isa = PBXBuildFile; fileRef = 8E2BA0EA16F63C88009F4655 /* clear.wav */; };
		8E2BA12516F641DC009F4655 /* lock.wav in CopyFiles */ = {isa = PBXBuildFile; fileRef = 8E2BA0EC16F63C88009F4655 /* lock.wav */; };
		8E2BA12616F641E0009F4655 /* move.wav in CopyFiles */ = {isa = PBXBuildFile; fileRef = 8E2BA0ED16F63C88009F4655 /* move.wav */; };
		8E2BA12716F641E6009F4655 /* texture.png in CopyFiles */ = {isa = PBXBuildFile; fileRef = 8E2BA0EF16F63C88009F4655 /* texture.png */; };
		8E2BA12816F641EE009F4655 /* clear4.wav in CopyFiles */ = {isa = PBXBuildFile; fileRef = 8E2BA0EB16F63C88009F4655 /* clear4.wav */; };
		8E2BA12A16F64242009F4655 /* Common.cpp in Sources */ = {isa = PBXBuildFile; fileRef = 8E16B01E16DC30C8006BA148 /* Common.cpp */; };
		8E2BA12B16F64242009F4655 /* RandomGenerator.cpp in Sources */ = {isa = PBXBuildFile; fileRef = 8E2BA0CC16F510DF009F4655 /* RandomGenerator.cpp */; };
		8E2BA12C16F64242009F4655 /* Assets.cpp in Sources */ = {isa = PBXBuildFile; fileRef = 8E6D2C1E16ED2009008FCBFE /* Assets.cpp */; };
		8E2BA12D16F64242009F4655 /* Config.cpp in Sources */ = {isa = PBXBuildFile; fileRef = 8E6D2C2716ED43A3008FCBFE /* Config.cpp */; };
		8E2BA12E16F64242009F4655 /* ShapeRender.cpp in Sources */ = {isa = PBXBuildFile; fileRef = 8E6D2C2416ED32F0008FCBFE /* ShapeRender.cpp */; };
		8E2BA12F16F64242009F4655 /* BGRender.cpp in Sources */ = {isa = PBXBuildFile; fileRef = 8E2BA0C916F4944C009F4655 /* BGRender.cpp */; };
		8E2BA13016F64242009F4655 /* Shape.cpp in Sources */ = {isa = PBXBuildFile; fileRef = 8E6D2C1016E4F160008FCBFE /* Shape.cpp */; };
		8E2BA13116F64242009F4655 /* PlayField.cpp in Sources */ = {isa = PBXBuildFile; fileRef = 8E16B02416DC4210006BA148 /* PlayField.cpp */; };
		8E2BA13216F64242009F4655 /* TitleView.cpp in Sources */ = {isa = PBXBuildFile; fileRef = 8E6D2C1B16E95D84008FCBFE /* TitleView.cpp */; };
		8E2BA13316F64242009F4655 /* GameView.cpp in Sources */ = {isa = PBXBuildFile; fileRef = 8E16B02116DC38D2006BA148 /* GameView.cpp */; };
		8E2BA13416F64242009F4655 /* Scene.cpp in Sources */ = {isa = PBXBuildFile; fileRef = 8E6D2C1616E943E1008FCBFE /* Scene.cpp */; };
		8E2BA13516F64242009F4655 /* TitleScene.cpp in Sources */ = {isa = PBXBuildFile; fileRef = 8E6D2C1816E94B02008FCBFE /* TitleScene.cpp */; };
		8E2BA13616F64242009F4655 /* GameScene.cpp in Sources */ = {isa = PBXBuildFile; fileRef = 8E16B01A16DBE87D006BA148 /* GameScene.cpp */; };
		8E2BA13716F64242009F4655 /* main.cpp in Sources */ = {isa = PBXBuildFile; fileRef = 8E16B00816DBDCBA006BA148 /* main.cpp */; };
		8E2BA13816F6425D009F4655 /* sfml-audio.framework in Frameworks */ = {isa = PBXBuildFile; fileRef = 8E16B01116DBDCFF006BA148 /* sfml-audio.framework */; };
		8E2BA13916F6425F009F4655 /* sfml-graphics.framework in Frameworks */ = {isa = PBXBuildFile; fileRef = 8E16B01216DBDCFF006BA148 /* sfml-graphics.framework */; };
		8E2BA13A16F64261009F4655 /* sfml-system.framework in Frameworks */ = {isa = PBXBuildFile; fileRef = 8E16B01316DBDCFF006BA148 /* sfml-system.framework */; };
		8E2BA13B16F64263009F4655 /* sfml-window.framework in Frameworks */ = {isa = PBXBuildFile; fileRef = 8E16B01416DBDCFF006BA148 /* sfml-window.framework */; };
		8E2BA13C16F6427C009F4655 /* sfml-audio.framework in CopyFiles */ = {isa = PBXBuildFile; fileRef = 8E16B01116DBDCFF006BA148 /* sfml-audio.framework */; };
		8E2BA13D16F6427F009F4655 /* sfml-graphics.framework in CopyFiles */ = {isa = PBXBuildFile; fileRef = 8E16B01216DBDCFF006BA148 /* sfml-graphics.framework */; };
		8E2BA13E16F64282009F4655 /* sfml-system.framework in CopyFiles */ = {isa = PBXBuildFile; fileRef = 8E16B01316DBDCFF006BA148 /* sfml-system.framework */; };
		8E2BA13F16F64284009F4655 /* sfml-window.framework in CopyFiles */ = {isa = PBXBuildFile; fileRef = 8E16B01416DBDCFF006BA148 /* sfml-window.framework */; };
		8E2BA14616F646BC009F4655 /* sndfile.framework in CopyFiles */ = {isa = PBXBuildFile; fileRef = 8E2BA14416F64527009F4655 /* sndfile.framework */; };
		8E2BA14716F646C0009F4655 /* libfreetype.dylib in CopyFiles */ = {isa = PBXBuildFile; fileRef = 8E2BA14516F6460B009F4655 /* libfreetype.dylib */; };
		8E6D2C1216E4F160008FCBFE /* Shape.cpp in Sources */ = {isa = PBXBuildFile; fileRef = 8E6D2C1016E4F160008FCBFE /* Shape.cpp */; };
		8E6D2C1716E943E1008FCBFE /* Scene.cpp in Sources */ = {isa = PBXBuildFile; fileRef = 8E6D2C1616E943E1008FCBFE /* Scene.cpp */; };
		8E6D2C1A16E94B02008FCBFE /* TitleScene.cpp in Sources */ = {isa = PBXBuildFile; fileRef = 8E6D2C1816E94B02008FCBFE /* TitleScene.cpp */; };
		8E6D2C1D16E95D84008FCBFE /* TitleView.cpp in Sources */ = {isa = PBXBuildFile; fileRef = 8E6D2C1B16E95D84008FCBFE /* TitleView.cpp */; };
		8E6D2C2016ED2009008FCBFE /* Assets.cpp in Sources */ = {isa = PBXBuildFile; fileRef = 8E6D2C1E16ED2009008FCBFE /* Assets.cpp */; };
		8E6D2C2616ED32F0008FCBFE /* ShapeRender.cpp in Sources */ = {isa = PBXBuildFile; fileRef = 8E6D2C2416ED32F0008FCBFE /* ShapeRender.cpp */; };
		8E6D2C2916ED43A3008FCBFE /* Config.cpp in Sources */ = {isa = PBXBuildFile; fileRef = 8E6D2C2716ED43A3008FCBFE /* Config.cpp */; };
/* End PBXBuildFile section */

/* Begin PBXCopyFilesBuildPhase section */
		8E16B00316DBDCBA006BA148 /* CopyFiles */ = {
			isa = PBXCopyFilesBuildPhase;
			buildActionMask = 2147483647;
			dstPath = /usr/share/man/man1/;
			dstSubfolderSpec = 0;
			files = (
			);
			runOnlyForDeploymentPostprocessing = 1;
		};
		8E2BA12216F641CB009F4655 /* CopyFiles */ = {
			isa = PBXCopyFilesBuildPhase;
			buildActionMask = 2147483647;
			dstPath = data;
			dstSubfolderSpec = 7;
			files = (
				8E2BA12316F641D6009F4655 /* bg.png in CopyFiles */,
				8E2BA12716F641E6009F4655 /* texture.png in CopyFiles */,
				8E2BA12616F641E0009F4655 /* move.wav in CopyFiles */,
				8E2BA12416F641D8009F4655 /* clear.wav in CopyFiles */,
				8E2BA12816F641EE009F4655 /* clear4.wav in CopyFiles */,
				8E2BA12516F641DC009F4655 /* lock.wav in CopyFiles */,
			);
			runOnlyForDeploymentPostprocessing = 0;
		};
		8E2BA12916F64215009F4655 /* CopyFiles */ = {
			isa = PBXCopyFilesBuildPhase;
			buildActionMask = 2147483647;
			dstPath = "";
			dstSubfolderSpec = 10;
			files = (
				8E2BA14716F646C0009F4655 /* libfreetype.dylib in CopyFiles */,
				8E2BA14616F646BC009F4655 /* sndfile.framework in CopyFiles */,
				8E2BA13C16F6427C009F4655 /* sfml-audio.framework in CopyFiles */,
				8E2BA13F16F64284009F4655 /* sfml-window.framework in CopyFiles */,
				8E2BA13D16F6427F009F4655 /* sfml-graphics.framework in CopyFiles */,
				8E2BA13E16F64282009F4655 /* sfml-system.framework in CopyFiles */,
			);
			runOnlyForDeploymentPostprocessing = 0;
		};
/* End PBXCopyFilesBuildPhase section */

/* Begin PBXFileReference section */
		8E16B00516DBDCBA006BA148 /* Quadrae */ = {isa = PBXFileReference; explicitFileType = "compiled.mach-o.executable"; includeInIndex = 0; path = Quadrae; sourceTree = BUILT_PRODUCTS_DIR; };
		8E16B00816DBDCBA006BA148 /* main.cpp */ = {isa = PBXFileReference; lastKnownFileType = sourcecode.cpp.cpp; path = main.cpp; sourceTree = "<group>"; };
		8E16B01116DBDCFF006BA148 /* sfml-audio.framework */ = {isa = PBXFileReference; lastKnownFileType = wrapper.framework; name = "sfml-audio.framework"; path = "../../../Library/Frameworks/sfml-audio.framework"; sourceTree = "<group>"; };
		8E16B01216DBDCFF006BA148 /* sfml-graphics.framework */ = {isa = PBXFileReference; lastKnownFileType = wrapper.framework; name = "sfml-graphics.framework"; path = "../../../Library/Frameworks/sfml-graphics.framework"; sourceTree = "<group>"; };
		8E16B01316DBDCFF006BA148 /* sfml-system.framework */ = {isa = PBXFileReference; lastKnownFileType = wrapper.framework; name = "sfml-system.framework"; path = "../../../Library/Frameworks/sfml-system.framework"; sourceTree = "<group>"; };
		8E16B01416DBDCFF006BA148 /* sfml-window.framework */ = {isa = PBXFileReference; lastKnownFileType = wrapper.framework; name = "sfml-window.framework"; path = "../../../Library/Frameworks/sfml-window.framework"; sourceTree = "<group>"; };
		8E16B01A16DBE87D006BA148 /* GameScene.cpp */ = {isa = PBXFileReference; fileEncoding = 4; lastKnownFileType = sourcecode.cpp.cpp; path = GameScene.cpp; sourceTree = "<group>"; };
		8E16B01B16DBE87D006BA148 /* GameScene.h */ = {isa = PBXFileReference; fileEncoding = 4; lastKnownFileType = sourcecode.c.h; path = GameScene.h; sourceTree = "<group>"; };
		8E16B01E16DC30C8006BA148 /* Common.cpp */ = {isa = PBXFileReference; fileEncoding = 4; lastKnownFileType = sourcecode.cpp.cpp; path = Common.cpp; sourceTree = "<group>"; };
		8E16B01F16DC30C8006BA148 /* Common.h */ = {isa = PBXFileReference; fileEncoding = 4; lastKnownFileType = sourcecode.c.h; path = Common.h; sourceTree = "<group>"; };
		8E16B02116DC38D2006BA148 /* GameView.cpp */ = {isa = PBXFileReference; fileEncoding = 4; lastKnownFileType = sourcecode.cpp.cpp; path = GameView.cpp; sourceTree = "<group>"; };
		8E16B02216DC38D2006BA148 /* GameView.h */ = {isa = PBXFileReference; fileEncoding = 4; lastKnownFileType = sourcecode.c.h; path = GameView.h; sourceTree = "<group>"; };
		8E16B02416DC4210006BA148 /* PlayField.cpp */ = {isa = PBXFileReference; fileEncoding = 4; lastKnownFileType = sourcecode.cpp.cpp; path = PlayField.cpp; sourceTree = "<group>"; };
		8E16B02516DC4210006BA148 /* PlayField.h */ = {isa = PBXFileReference; fileEncoding = 4; lastKnownFileType = sourcecode.c.h; path = PlayField.h; sourceTree = "<group>"; };
		8E2BA0C916F4944C009F4655 /* BGRender.cpp */ = {isa = PBXFileReference; fileEncoding = 4; lastKnownFileType = sourcecode.cpp.cpp; path = BGRender.cpp; sourceTree = "<group>"; };
		8E2BA0CA16F4944C009F4655 /* BGRender.h */ = {isa = PBXFileReference; fileEncoding = 4; lastKnownFileType = sourcecode.c.h; path = BGRender.h; sourceTree = "<group>"; };
		8E2BA0CC16F510DF009F4655 /* RandomGenerator.cpp */ = {isa = PBXFileReference; fileEncoding = 4; lastKnownFileType = sourcecode.cpp.cpp; path = RandomGenerator.cpp; sourceTree = "<group>"; };
		8E2BA0CD16F510DF009F4655 /* RandomGenerator.h */ = {isa = PBXFileReference; fileEncoding = 4; lastKnownFileType = sourcecode.c.h; path = RandomGenerator.h; sourceTree = "<group>"; };
		8E2BA0E916F63C88009F4655 /* bg.png */ = {isa = PBXFileReference; lastKnownFileType = image.png; name = bg.png; path = assets/bg.png; sourceTree = "<group>"; };
		8E2BA0EA16F63C88009F4655 /* clear.wav */ = {isa = PBXFileReference; lastKnownFileType = audio.wav; name = clear.wav; path = assets/clear.wav; sourceTree = "<group>"; };
		8E2BA0EB16F63C88009F4655 /* clear4.wav */ = {isa = PBXFileReference; lastKnownFileType = audio.wav; name = clear4.wav; path = assets/clear4.wav; sourceTree = "<group>"; };
		8E2BA0EC16F63C88009F4655 /* lock.wav */ = {isa = PBXFileReference; lastKnownFileType = audio.wav; name = lock.wav; path = assets/lock.wav; sourceTree = "<group>"; };
		8E2BA0ED16F63C88009F4655 /* move.wav */ = {isa = PBXFileReference; lastKnownFileType = audio.wav; name = move.wav; path = assets/move.wav; sourceTree = "<group>"; };
		8E2BA0EE16F63C88009F4655 /* Quadrae.icns */ = {isa = PBXFileReference; lastKnownFileType = image.icns; name = Quadrae.icns; path = assets/Quadrae.icns; sourceTree = "<group>"; };
		8E2BA0EF16F63C88009F4655 /* texture.png */ = {isa = PBXFileReference; lastKnownFileType = image.png; name = texture.png; path = assets/texture.png; sourceTree = "<group>"; };
		8E2BA10116F63F7A009F4655 /* QuadraeBundle.app */ = {isa = PBXFileReference; explicitFileType = wrapper.application; includeInIndex = 0; path = QuadraeBundle.app; sourceTree = BUILT_PRODUCTS_DIR; };
		8E2BA10316F63F7A009F4655 /* Cocoa.framework */ = {isa = PBXFileReference; lastKnownFileType = wrapper.framework; name = Cocoa.framework; path = System/Library/Frameworks/Cocoa.framework; sourceTree = SDKROOT; };
		8E2BA10616F63F7A009F4655 /* AppKit.framework */ = {isa = PBXFileReference; lastKnownFileType = wrapper.framework; name = AppKit.framework; path = System/Library/Frameworks/AppKit.framework; sourceTree = SDKROOT; };
		8E2BA10716F63F7A009F4655 /* CoreData.framework */ = {isa = PBXFileReference; lastKnownFileType = wrapper.framework; name = CoreData.framework; path = System/Library/Frameworks/CoreData.framework; sourceTree = SDKROOT; };
		8E2BA10816F63F7A009F4655 /* Foundation.framework */ = {isa = PBXFileReference; lastKnownFileType = wrapper.framework; name = Foundation.framework; path = System/Library/Frameworks/Foundation.framework; sourceTree = SDKROOT; };
		8E2BA10B16F63F7A009F4655 /* QuadraeBundle-Info.plist */ = {isa = PBXFileReference; lastKnownFileType = text.plist.xml; path = "QuadraeBundle-Info.plist"; sourceTree = "<group>"; };
		8E2BA14416F64527009F4655 /* sndfile.framework */ = {isa = PBXFileReference; lastKnownFileType = wrapper.framework; name = sndfile.framework; path = ../../../Library/Frameworks/sndfile.framework; sourceTree = "<group>"; };
		8E2BA14516F6460B009F4655 /* libfreetype.dylib */ = {isa = PBXFileReference; lastKnownFileType = "compiled.mach-o.dylib"; name = libfreetype.dylib; path = ../lib/libfreetype.dylib; sourceTree = "<group>"; };
		8E6D2C1016E4F160008FCBFE /* Shape.cpp */ = {isa = PBXFileReference; fileEncoding = 4; lastKnownFileType = sourcecode.cpp.cpp; path = Shape.cpp; sourceTree = "<group>"; };
		8E6D2C1116E4F160008FCBFE /* Shape.h */ = {isa = PBXFileReference; fileEncoding = 4; lastKnownFileType = sourcecode.c.h; path = Shape.h; sourceTree = "<group>"; };
		8E6D2C1416E93FCE008FCBFE /* Scene.h */ = {isa = PBXFileReference; fileEncoding = 4; lastKnownFileType = sourcecode.c.h; path = Scene.h; sourceTree = "<group>"; };
		8E6D2C1616E943E1008FCBFE /* Scene.cpp */ = {isa = PBXFileReference; fileEncoding = 4; lastKnownFileType = sourcecode.cpp.cpp; path = Scene.cpp; sourceTree = "<group>"; };
		8E6D2C1816E94B02008FCBFE /* TitleScene.cpp */ = {isa = PBXFileReference; fileEncoding = 4; lastKnownFileType = sourcecode.cpp.cpp; path = TitleScene.cpp; sourceTree = "<group>"; };
		8E6D2C1916E94B02008FCBFE /* TitleScene.h */ = {isa = PBXFileReference; fileEncoding = 4; lastKnownFileType = sourcecode.c.h; path = TitleScene.h; sourceTree = "<group>"; };
		8E6D2C1B16E95D84008FCBFE /* TitleView.cpp */ = {isa = PBXFileReference; fileEncoding = 4; lastKnownFileType = sourcecode.cpp.cpp; path = TitleView.cpp; sourceTree = "<group>"; };
		8E6D2C1C16E95D84008FCBFE /* TitleView.h */ = {isa = PBXFileReference; fileEncoding = 4; lastKnownFileType = sourcecode.c.h; path = TitleView.h; sourceTree = "<group>"; };
		8E6D2C1E16ED2009008FCBFE /* Assets.cpp */ = {isa = PBXFileReference; fileEncoding = 4; lastKnownFileType = sourcecode.cpp.cpp; path = Assets.cpp; sourceTree = "<group>"; };
		8E6D2C1F16ED2009008FCBFE /* Assets.h */ = {isa = PBXFileReference; fileEncoding = 4; lastKnownFileType = sourcecode.c.h; path = Assets.h; sourceTree = "<group>"; };
		8E6D2C2416ED32F0008FCBFE /* ShapeRender.cpp */ = {isa = PBXFileReference; fileEncoding = 4; lastKnownFileType = sourcecode.cpp.cpp; path = ShapeRender.cpp; sourceTree = "<group>"; };
		8E6D2C2516ED32F0008FCBFE /* ShapeRender.h */ = {isa = PBXFileReference; fileEncoding = 4; lastKnownFileType = sourcecode.c.h; path = ShapeRender.h; sourceTree = "<group>"; };
		8E6D2C2716ED43A3008FCBFE /* Config.cpp */ = {isa = PBXFileReference; fileEncoding = 4; lastKnownFileType = sourcecode.cpp.cpp; path = Config.cpp; sourceTree = "<group>"; };
		8E6D2C2816ED43A3008FCBFE /* Config.h */ = {isa = PBXFileReference; fileEncoding = 4; lastKnownFileType = sourcecode.c.h; path = Config.h; sourceTree = "<group>"; };
/* End PBXFileReference section */

/* Begin PBXFrameworksBuildPhase section */
		8E16B00216DBDCBA006BA148 /* Frameworks */ = {
			isa = PBXFrameworksBuildPhase;
			buildActionMask = 2147483647;
			files = (
				8E16B01516DBDCFF006BA148 /* sfml-audio.framework in Frameworks */,
				8E16B01616DBDCFF006BA148 /* sfml-graphics.framework in Frameworks */,
				8E16B01716DBDCFF006BA148 /* sfml-system.framework in Frameworks */,
				8E16B01816DBDCFF006BA148 /* sfml-window.framework in Frameworks */,
			);
			runOnlyForDeploymentPostprocessing = 0;
		};
		8E2BA0FE16F63F7A009F4655 /* Frameworks */ = {
			isa = PBXFrameworksBuildPhase;
			buildActionMask = 2147483647;
			files = (
				8E2BA13816F6425D009F4655 /* sfml-audio.framework in Frameworks */,
				8E2BA13916F6425F009F4655 /* sfml-graphics.framework in Frameworks */,
				8E2BA13A16F64261009F4655 /* sfml-system.framework in Frameworks */,
				8E2BA13B16F64263009F4655 /* sfml-window.framework in Frameworks */,
			);
			runOnlyForDeploymentPostprocessing = 0;
		};
/* End PBXFrameworksBuildPhase section */

/* Begin PBXGroup section */
		8E16AFFC16DBDCB9006BA148 = {
			isa = PBXGroup;
			children = (
				8E16B01916DBDD04006BA148 /* SFML */,
				8E2BA0EE16F63C88009F4655 /* Quadrae.icns */,
				8E2BA0F716F63C90009F4655 /* data */,
				8E16B00716DBDCBA006BA148 /* Quadrae */,
				8E2BA10916F63F7A009F4655 /* QuadraeBundle */,
				8E2BA10216F63F7A009F4655 /* Frameworks */,
				8E16B00616DBDCBA006BA148 /* Products */,
			);
			sourceTree = "<group>";
		};
		8E16B00616DBDCBA006BA148 /* Products */ = {
			isa = PBXGroup;
			children = (
				8E16B00516DBDCBA006BA148 /* Quadrae */,
				8E2BA10116F63F7A009F4655 /* QuadraeBundle.app */,
			);
			name = Products;
			sourceTree = "<group>";
		};
		8E16B00716DBDCBA006BA148 /* Quadrae */ = {
			isa = PBXGroup;
			children = (
				8E16B01E16DC30C8006BA148 /* Common.cpp */,
				8E16B01F16DC30C8006BA148 /* Common.h */,
				8E2BA0CC16F510DF009F4655 /* RandomGenerator.cpp */,
				8E2BA0CD16F510DF009F4655 /* RandomGenerator.h */,
				8E6D2C1E16ED2009008FCBFE /* Assets.cpp */,
				8E6D2C1F16ED2009008FCBFE /* Assets.h */,
				8E6D2C2716ED43A3008FCBFE /* Config.cpp */,
				8E6D2C2816ED43A3008FCBFE /* Config.h */,
				8E6D2C2416ED32F0008FCBFE /* ShapeRender.cpp */,
				8E6D2C2516ED32F0008FCBFE /* ShapeRender.h */,
				8E2BA0C916F4944C009F4655 /* BGRender.cpp */,
				8E2BA0CA16F4944C009F4655 /* BGRender.h */,
				8E6D2C2216ED260A008FCBFE /* Models */,
				8E6D2C2116ED25ED008FCBFE /* Views */,
				8E6D2C2316ED2636008FCBFE /* Scene Controllers */,
				8E16B00816DBDCBA006BA148 /* main.cpp */,
			);
			path = Quadrae;
			sourceTree = "<group>";
		};
		8E16B01916DBDD04006BA148 /* SFML */ = {
			isa = PBXGroup;
			children = (
				8E2BA14516F6460B009F4655 /* libfreetype.dylib */,
				8E2BA14416F64527009F4655 /* sndfile.framework */,
				8E16B01116DBDCFF006BA148 /* sfml-audio.framework */,
				8E16B01216DBDCFF006BA148 /* sfml-graphics.framework */,
				8E16B01316DBDCFF006BA148 /* sfml-system.framework */,
				8E16B01416DBDCFF006BA148 /* sfml-window.framework */,
			);
			name = SFML;
			sourceTree = "<group>";
		};
		8E2BA0F716F63C90009F4655 /* data */ = {
			isa = PBXGroup;
			children = (
				8E2BA0E916F63C88009F4655 /* bg.png */,
				8E2BA0EA16F63C88009F4655 /* clear.wav */,
				8E2BA0EB16F63C88009F4655 /* clear4.wav */,
				8E2BA0EC16F63C88009F4655 /* lock.wav */,
				8E2BA0ED16F63C88009F4655 /* move.wav */,
				8E2BA0EF16F63C88009F4655 /* texture.png */,
			);
			name = data;
			sourceTree = "<group>";
		};
		8E2BA10216F63F7A009F4655 /* Frameworks */ = {
			isa = PBXGroup;
			children = (
				8E2BA10316F63F7A009F4655 /* Cocoa.framework */,
				8E2BA10516F63F7A009F4655 /* Other Frameworks */,
			);
			name = Frameworks;
			sourceTree = "<group>";
		};
		8E2BA10516F63F7A009F4655 /* Other Frameworks */ = {
			isa = PBXGroup;
			children = (
				8E2BA10616F63F7A009F4655 /* AppKit.framework */,
				8E2BA10716F63F7A009F4655 /* CoreData.framework */,
				8E2BA10816F63F7A009F4655 /* Foundation.framework */,
			);
			name = "Other Frameworks";
			sourceTree = "<group>";
		};
		8E2BA10916F63F7A009F4655 /* QuadraeBundle */ = {
			isa = PBXGroup;
			children = (
				8E2BA10A16F63F7A009F4655 /* Supporting Files */,
			);
			path = QuadraeBundle;
			sourceTree = "<group>";
		};
		8E2BA10A16F63F7A009F4655 /* Supporting Files */ = {
			isa = PBXGroup;
			children = (
				8E2BA10B16F63F7A009F4655 /* QuadraeBundle-Info.plist */,
			);
			name = "Supporting Files";
			sourceTree = "<group>";
		};
		8E6D2C2116ED25ED008FCBFE /* Views */ = {
			isa = PBXGroup;
			children = (
				8E6D2C1B16E95D84008FCBFE /* TitleView.cpp */,
				8E6D2C1C16E95D84008FCBFE /* TitleView.h */,
				8E16B02116DC38D2006BA148 /* GameView.cpp */,
				8E16B02216DC38D2006BA148 /* GameView.h */,
			);
			name = Views;
			sourceTree = "<group>";
		};
		8E6D2C2216ED260A008FCBFE /* Models */ = {
			isa = PBXGroup;
			children = (
				8E6D2C1016E4F160008FCBFE /* Shape.cpp */,
				8E6D2C1116E4F160008FCBFE /* Shape.h */,
				8E16B02416DC4210006BA148 /* PlayField.cpp */,
				8E16B02516DC4210006BA148 /* PlayField.h */,
			);
			name = Models;
			sourceTree = "<group>";
		};
		8E6D2C2316ED2636008FCBFE /* Scene Controllers */ = {
			isa = PBXGroup;
			children = (
				8E6D2C1616E943E1008FCBFE /* Scene.cpp */,
				8E6D2C1416E93FCE008FCBFE /* Scene.h */,
				8E6D2C1816E94B02008FCBFE /* TitleScene.cpp */,
				8E6D2C1916E94B02008FCBFE /* TitleScene.h */,
				8E16B01A16DBE87D006BA148 /* GameScene.cpp */,
				8E16B01B16DBE87D006BA148 /* GameScene.h */,
			);
			name = "Scene Controllers";
			sourceTree = "<group>";
		};
/* End PBXGroup section */

/* Begin PBXNativeTarget section */
		8E16B00416DBDCBA006BA148 /* Quadrae */ = {
			isa = PBXNativeTarget;
			buildConfigurationList = 8E16B00E16DBDCBA006BA148 /* Build configuration list for PBXNativeTarget "Quadrae" */;
			buildPhases = (
				8E16B00116DBDCBA006BA148 /* Sources */,
				8E16B00216DBDCBA006BA148 /* Frameworks */,
				8E16B00316DBDCBA006BA148 /* CopyFiles */,
			);
			buildRules = (
			);
			dependencies = (
			);
			name = Quadrae;
			productName = Quadrae;
			productReference = 8E16B00516DBDCBA006BA148 /* Quadrae */;
			productType = "com.apple.product-type.tool";
		};
		8E2BA10016F63F7A009F4655 /* QuadraeBundle */ = {
			isa = PBXNativeTarget;
			buildConfigurationList = 8E2BA11B16F63F7A009F4655 /* Build configuration list for PBXNativeTarget "QuadraeBundle" */;
			buildPhases = (
				8E2BA0FD16F63F7A009F4655 /* Sources */,
				8E2BA0FE16F63F7A009F4655 /* Frameworks */,
				8E2BA0FF16F63F7A009F4655 /* Resources */,
				8E2BA12216F641CB009F4655 /* CopyFiles */,
				8E2BA12916F64215009F4655 /* CopyFiles */,
			);
			buildRules = (
			);
			dependencies = (
			);
			name = QuadraeBundle;
			productName = QuadraeBundle;
			productReference = 8E2BA10116F63F7A009F4655 /* QuadraeBundle.app */;
			productType = "com.apple.product-type.application";
		};
/* End PBXNativeTarget section */

/* Begin PBXProject section */
		8E16AFFD16DBDCB9006BA148 /* Project object */ = {
			isa = PBXProject;
			attributes = {
				LastUpgradeCheck = 0460;
				ORGANIZATIONNAME = "Arthur Langereis";
			};
			buildConfigurationList = 8E16B00016DBDCB9006BA148 /* Build configuration list for PBXProject "Quadrae" */;
			compatibilityVersion = "Xcode 3.2";
			developmentRegion = English;
			hasScannedForEncodings = 0;
			knownRegions = (
				en,
			);
			mainGroup = 8E16AFFC16DBDCB9006BA148;
			productRefGroup = 8E16B00616DBDCBA006BA148 /* Products */;
			projectDirPath = "";
			projectRoot = "";
			targets = (
				8E16B00416DBDCBA006BA148 /* Quadrae */,
				8E2BA10016F63F7A009F4655 /* QuadraeBundle */,
			);
		};
/* End PBXProject section */

/* Begin PBXResourcesBuildPhase section */
		8E2BA0FF16F63F7A009F4655 /* Resources */ = {
			isa = PBXResourcesBuildPhase;
			buildActionMask = 2147483647;
			files = (
				8E2BA12116F641A3009F4655 /* Quadrae.icns in Resources */,
			);
			runOnlyForDeploymentPostprocessing = 0;
		};
/* End PBXResourcesBuildPhase section */

/* Begin PBXSourcesBuildPhase section */
		8E16B00116DBDCBA006BA148 /* Sources */ = {
			isa = PBXSourcesBuildPhase;
			buildActionMask = 2147483647;
			files = (
				8E16B00916DBDCBA006BA148 /* main.cpp in Sources */,
				8E16B01C16DBE87D006BA148 /* GameScene.cpp in Sources */,
				8E16B02016DC30C8006BA148 /* Common.cpp in Sources */,
				8E16B02316DC38D2006BA148 /* GameView.cpp in Sources */,
				8E16B02616DC4210006BA148 /* PlayField.cpp in Sources */,
				8E6D2C1216E4F160008FCBFE /* Shape.cpp in Sources */,
				8E6D2C1716E943E1008FCBFE /* Scene.cpp in Sources */,
				8E6D2C1A16E94B02008FCBFE /* TitleScene.cpp in Sources */,
				8E6D2C1D16E95D84008FCBFE /* TitleView.cpp in Sources */,
				8E6D2C2016ED2009008FCBFE /* Assets.cpp in Sources */,
				8E6D2C2616ED32F0008FCBFE /* ShapeRender.cpp in Sources */,
				8E6D2C2916ED43A3008FCBFE /* Config.cpp in Sources */,
				8E2BA0CB16F4944C009F4655 /* BGRender.cpp in Sources */,
				8E2BA0CE16F510DF009F4655 /* RandomGenerator.cpp in Sources */,
			);
			runOnlyForDeploymentPostprocessing = 0;
		};
		8E2BA0FD16F63F7A009F4655 /* Sources */ = {
			isa = PBXSourcesBuildPhase;
			buildActionMask = 2147483647;
			files = (
				8E2BA12A16F64242009F4655 /* Common.cpp in Sources */,
				8E2BA12B16F64242009F4655 /* RandomGenerator.cpp in Sources */,
				8E2BA12C16F64242009F4655 /* Assets.cpp in Sources */,
				8E2BA12D16F64242009F4655 /* Config.cpp in Sources */,
				8E2BA12E16F64242009F4655 /* ShapeRender.cpp in Sources */,
				8E2BA12F16F64242009F4655 /* BGRender.cpp in Sources */,
				8E2BA13016F64242009F4655 /* Shape.cpp in Sources */,
				8E2BA13116F64242009F4655 /* PlayField.cpp in Sources */,
				8E2BA13216F64242009F4655 /* TitleView.cpp in Sources */,
				8E2BA13316F64242009F4655 /* GameView.cpp in Sources */,
				8E2BA13416F64242009F4655 /* Scene.cpp in Sources */,
				8E2BA13516F64242009F4655 /* TitleScene.cpp in Sources */,
				8E2BA13616F64242009F4655 /* GameScene.cpp in Sources */,
				8E2BA13716F64242009F4655 /* main.cpp in Sources */,
			);
			runOnlyForDeploymentPostprocessing = 0;
		};
/* End PBXSourcesBuildPhase section */

/* Begin XCBuildConfiguration section */
		8E16B00C16DBDCBA006BA148 /* Debug */ = {
			isa = XCBuildConfiguration;
			buildSettings = {
				ALWAYS_SEARCH_USER_PATHS = NO;
				ARCHS = "$(ARCHS_STANDARD_64_BIT)";
				CLANG_ANALYZER_SECURITY_FLOATLOOPCOUNTER = YES;
				CLANG_ANALYZER_SECURITY_INSECUREAPI_RAND = YES;
				CLANG_ANALYZER_SECURITY_INSECUREAPI_STRCPY = YES;
				CLANG_CXX_LANGUAGE_STANDARD = "gnu++0x";
				CLANG_CXX_LIBRARY = "libc++";
				CLANG_WARN_CONSTANT_CONVERSION = YES;
				CLANG_WARN_EMPTY_BODY = YES;
				CLANG_WARN_ENUM_CONVERSION = YES;
				CLANG_WARN_INT_CONVERSION = YES;
				CLANG_WARN__DUPLICATE_METHOD_MATCH = YES;
				COPY_PHASE_STRIP = NO;
				GCC_C_LANGUAGE_STANDARD = gnu99;
				GCC_DYNAMIC_NO_PIC = NO;
				GCC_ENABLE_OBJC_EXCEPTIONS = YES;
				GCC_OPTIMIZATION_LEVEL = 0;
				GCC_PREPROCESSOR_DEFINITIONS = (
					"DEBUG=1",
					"$(inherited)",
				);
				GCC_SYMBOLS_PRIVATE_EXTERN = NO;
				GCC_WARN_64_TO_32_BIT_CONVERSION = YES;
				GCC_WARN_ABOUT_RETURN_TYPE = YES;
				GCC_WARN_HIDDEN_VIRTUAL_FUNCTIONS = YES;
				GCC_WARN_NON_VIRTUAL_DESTRUCTOR = YES;
				GCC_WARN_SHADOW = YES;
				GCC_WARN_UNINITIALIZED_AUTOS = YES;
				GCC_WARN_UNUSED_VARIABLE = YES;
				MACOSX_DEPLOYMENT_TARGET = 10.8;
				ONLY_ACTIVE_ARCH = YES;
				OTHER_CPLUSPLUSFLAGS = "$(OTHER_CFLAGS)";
				SDKROOT = macosx;
				WARNING_CFLAGS = (
					"-Weverything",
					"-Wno-c++98-compat",
					"-Wno-c++98-compat-pedantic",
					"-Wno-padded",
					"-Wno-documentation",
					"-Wno-global-constructors",
				);
			};
			name = Debug;
		};
		8E16B00D16DBDCBA006BA148 /* Release */ = {
			isa = XCBuildConfiguration;
			buildSettings = {
				ALWAYS_SEARCH_USER_PATHS = NO;
				ARCHS = "$(ARCHS_STANDARD_64_BIT)";
				CLANG_ANALYZER_SECURITY_FLOATLOOPCOUNTER = YES;
				CLANG_ANALYZER_SECURITY_INSECUREAPI_RAND = YES;
				CLANG_ANALYZER_SECURITY_INSECUREAPI_STRCPY = YES;
				CLANG_CXX_LANGUAGE_STANDARD = "gnu++0x";
				CLANG_CXX_LIBRARY = "libc++";
				CLANG_WARN_CONSTANT_CONVERSION = YES;
				CLANG_WARN_EMPTY_BODY = YES;
				CLANG_WARN_ENUM_CONVERSION = YES;
				CLANG_WARN_INT_CONVERSION = YES;
				CLANG_WARN__DUPLICATE_METHOD_MATCH = YES;
				COPY_PHASE_STRIP = YES;
				DEBUG_INFORMATION_FORMAT = "dwarf-with-dsym";
				GCC_C_LANGUAGE_STANDARD = gnu99;
				GCC_ENABLE_OBJC_EXCEPTIONS = YES;
				GCC_WARN_64_TO_32_BIT_CONVERSION = YES;
				GCC_WARN_ABOUT_RETURN_TYPE = YES;
				GCC_WARN_HIDDEN_VIRTUAL_FUNCTIONS = YES;
				GCC_WARN_NON_VIRTUAL_DESTRUCTOR = YES;
				GCC_WARN_SHADOW = YES;
				GCC_WARN_UNINITIALIZED_AUTOS = YES;
				GCC_WARN_UNUSED_VARIABLE = YES;
				MACOSX_DEPLOYMENT_TARGET = 10.8;
				OTHER_CPLUSPLUSFLAGS = "$(OTHER_CFLAGS)";
				SDKROOT = macosx;
				WARNING_CFLAGS = (
					"-Weverything",
					"-Wno-c++98-compat",
					"-Wno-c++98-compat-pedantic",
					"-Wno-padded",
					"-Wno-documentation",
					"-Wno-global-constructors",
				);
			};
			name = Release;
		};
		8E16B00F16DBDCBA006BA148 /* Debug */ = {
			isa = XCBuildConfiguration;
			buildSettings = {
				FRAMEWORK_SEARCH_PATHS = (
					"$(inherited)",
					"\"$(SRCROOT)/../../../Library/Frameworks\"",
				);
				PRODUCT_NAME = "$(TARGET_NAME)";
			};
			name = Debug;
		};
		8E16B01016DBDCBA006BA148 /* Release */ = {
			isa = XCBuildConfiguration;
			buildSettings = {
				FRAMEWORK_SEARCH_PATHS = (
					"$(inherited)",
					"\"$(SRCROOT)/../../../Library/Frameworks\"",
				);
				PRODUCT_NAME = "$(TARGET_NAME)";
			};
			name = Release;
		};
		8E2BA11C16F63F7A009F4655 /* Debug */ = {
			isa = XCBuildConfiguration;
			buildSettings = {
				COMBINE_HIDPI_IMAGES = YES;
				FRAMEWORK_SEARCH_PATHS = (
					"$(inherited)",
					"\"$(SRCROOT)/../../../Library/Frameworks\"",
				);
				INFOPLIST_FILE = "QuadraeBundle/QuadraeBundle-Info.plist";
				PRODUCT_NAME = "$(TARGET_NAME)";
				WRAPPER_EXTENSION = app;
			};
			name = Debug;
		};
		8E2BA11D16F63F7A009F4655 /* Release */ = {
			isa = XCBuildConfiguration;
			buildSettings = {
				COMBINE_HIDPI_IMAGES = YES;
				FRAMEWORK_SEARCH_PATHS = (
					"$(inherited)",
					"\"$(SRCROOT)/../../../Library/Frameworks\"",
				);
				INFOPLIST_FILE = "QuadraeBundle/QuadraeBundle-Info.plist";
				PRODUCT_NAME = "$(TARGET_NAME)";
				WRAPPER_EXTENSION = app;
			};
			name = Release;
		};
/* End XCBuildConfiguration section */

/* Begin XCConfigurationList section */
		8E16B00016DBDCB9006BA148 /* Build configuration list for PBXProject "Quadrae" */ = {
			isa = XCConfigurationList;
			buildConfigurations = (
				8E16B00C16DBDCBA006BA148 /* Debug */,
				8E16B00D16DBDCBA006BA148 /* Release */,
			);
			defaultConfigurationIsVisible = 0;
			defaultConfigurationName = Release;
		};
		8E16B00E16DBDCBA006BA148 /* Build configuration list for PBXNativeTarget "Quadrae" */ = {
			isa = XCConfigurationList;
			buildConfigurations = (
				8E16B00F16DBDCBA006BA148 /* Debug */,
				8E16B01016DBDCBA006BA148 /* Release */,
			);
			defaultConfigurationIsVisible = 0;
			defaultConfigurationName = Release;
		};
		8E2BA11B16F63F7A009F4655 /* Build configuration list for PBXNativeTarget "QuadraeBundle" */ = {
			isa = XCConfigurationList;
			buildConfigurations = (
				8E2BA11C16F63F7A009F4655 /* Debug */,
				8E2BA11D16F63F7A009F4655 /* Release */,
			);
			defaultConfigurationIsVisible = 0;
		};
/* End XCConfigurationList section */
	};
	rootObject = 8E16AFFD16DBDCB9006BA148 /* Project object */;
}
