// !$*UTF8*$!
{
	archiveVersion = 1;
	classes = {
	};
	objectVersion = 46;
	objects = {

/* Begin PBXBuildFile section */
		8E16B00916DBDCBA006BA148 /* main.cpp in Sources */ = {isa = PBXBuildFile; fileRef = 8E16B00816DBDCBA006BA148 /* main.cpp */; };
		8E16B00B16DBDCBA006BA148 /* Quadrae.1 in CopyFiles */ = {isa = PBXBuildFile; fileRef = 8E16B00A16DBDCBA006BA148 /* Quadrae.1 */; };
/* End PBXBuildFile section */

/* Begin PBXCopyFilesBuildPhase section */
		8E16B00316DBDCBA006BA148 /* CopyFiles */ = {
			isa = PBXCopyFilesBuildPhase;
			buildActionMask = 2147483647;
			dstPath = /usr/share/man/man1/;
			dstSubfolderSpec = 0;
			files = (
				8E16B00B16DBDCBA006BA148 /* Quadrae.1 in CopyFiles */,
			);
			runOnlyForDeploymentPostprocessing = 1;
		};
/* End PBXCopyFilesBuildPhase section */

/* Begin PBXFileReference section */
		8E16B00516DBDCBA006BA148 /* Quadrae */ = {isa = PBXFileReference; explicitFileType = "compiled.mach-o.executable"; includeInIndex = 0; path = Quadrae; sourceTree = BUILT_PRODUCTS_DIR; };
		8E16B00816DBDCBA006BA148 /* main.cpp */ = {isa = PBXFileReference; lastKnownFileType = sourcecode.cpp.cpp; path = main.cpp; sourceTree = "<group>"; };
		8E16B00A16DBDCBA006BA148 /* Quadrae.1 */ = {isa = PBXFileReference; lastKnownFileType = text.man; path = Quadrae.1; sourceTree = "<group>"; };
/* End PBXFileReference section */

/* Begin PBXFrameworksBuildPhase section */
		8E16B00216DBDCBA006BA148 /* Frameworks */ = {
			isa = PBXFrameworksBuildPhase;
			buildActionMask = 2147483647;
			files = (
			);
			runOnlyForDeploymentPostprocessing = 0;
		};
/* End PBXFrameworksBuildPhase section */

/* Begin PBXGroup section */
		8E16AFFC16DBDCB9006BA148 = {
			isa = PBXGroup;
			children = (
				8E16B00716DBDCBA006BA148 /* Quadrae */,
				8E16B00616DBDCBA006BA148 /* Products */,
			);
			sourceTree = "<group>";
		};
		8E16B00616DBDCBA006BA148 /* Products */ = {
			isa = PBXGroup;
			children = (
				8E16B00516DBDCBA006BA148 /* Quadrae */,
			);
			name = Products;
			sourceTree = "<group>";
		};
		8E16B00716DBDCBA006BA148 /* Quadrae */ = {
			isa = PBXGroup;
			children = (
				8E16B00816DBDCBA006BA148 /* main.cpp */,
				8E16B00A16DBDCBA006BA148 /* Quadrae.1 */,
			);
			path = Quadrae;
			sourceTree = "<group>";
		};
/* End PBXGroup section */

/* Begin PBXNativeTarget section */
		8E16B00416DBDCBA006BA148 /* Quadrae */ = {
			isa = PBXNativeTarget;
			buildConfigurationList = 8E16B00E16DBDCBA006BA148 /* Build configuration list for PBXNativeTarget "Quadrae" */;
			buildPhases = (
				8E16B00116DBDCBA006BA148 /* Sources */,
				8E16B00216DBDCBA006BA148 /* Frameworks */,
				8E16B00316DBDCBA006BA148 /* CopyFiles */,
			);
			buildRules = (
			);
			dependencies = (
			);
			name = Quadrae;
			productName = Quadrae;
			productReference = 8E16B00516DBDCBA006BA148 /* Quadrae */;
			productType = "com.apple.product-type.tool";
		};
/* End PBXNativeTarget section */

/* Begin PBXProject section */
		8E16AFFD16DBDCB9006BA148 /* Project object */ = {
			isa = PBXProject;
			attributes = {
				LastUpgradeCheck = 0460;
				ORGANIZATIONNAME = "Arthur Langereis";
			};
			buildConfigurationList = 8E16B00016DBDCB9006BA148 /* Build configuration list for PBXProject "Quadrae" */;
			compatibilityVersion = "Xcode 3.2";
			developmentRegion = English;
			hasScannedForEncodings = 0;
			knownRegions = (
				en,
			);
			mainGroup = 8E16AFFC16DBDCB9006BA148;
			productRefGroup = 8E16B00616DBDCBA006BA148 /* Products */;
			projectDirPath = "";
			projectRoot = "";
			targets = (
				8E16B00416DBDCBA006BA148 /* Quadrae */,
			);
		};
/* End PBXProject section */

/* Begin PBXSourcesBuildPhase section */
		8E16B00116DBDCBA006BA148 /* Sources */ = {
			isa = PBXSourcesBuildPhase;
			buildActionMask = 2147483647;
			files = (
				8E16B00916DBDCBA006BA148 /* main.cpp in Sources */,
			);
			runOnlyForDeploymentPostprocessing = 0;
		};
/* End PBXSourcesBuildPhase section */

/* Begin XCBuildConfiguration section */
		8E16B00C16DBDCBA006BA148 /* Debug */ = {
			isa = XCBuildConfiguration;
			buildSettings = {
				ALWAYS_SEARCH_USER_PATHS = NO;
				ARCHS = "$(ARCHS_STANDARD_64_BIT)";
				CLANG_CXX_LANGUAGE_STANDARD = "gnu++0x";
				CLANG_CXX_LIBRARY = "libc++";
				CLANG_WARN_CONSTANT_CONVERSION = YES;
				CLANG_WARN_EMPTY_BODY = YES;
				CLANG_WARN_ENUM_CONVERSION = YES;
				CLANG_WARN_INT_CONVERSION = YES;
				CLANG_WARN__DUPLICATE_METHOD_MATCH = YES;
				COPY_PHASE_STRIP = NO;
				GCC_C_LANGUAGE_STANDARD = gnu99;
				GCC_DYNAMIC_NO_PIC = NO;
				GCC_ENABLE_OBJC_EXCEPTIONS = YES;
				GCC_OPTIMIZATION_LEVEL = 0;
				GCC_PREPROCESSOR_DEFINITIONS = (
					"DEBUG=1",
					"$(inherited)",
				);
				GCC_SYMBOLS_PRIVATE_EXTERN = NO;
				GCC_WARN_64_TO_32_BIT_CONVERSION = YES;
				GCC_WARN_ABOUT_RETURN_TYPE = YES;
				GCC_WARN_UNINITIALIZED_AUTOS = YES;
				GCC_WARN_UNUSED_VARIABLE = YES;
				MACOSX_DEPLOYMENT_TARGET = 10.8;
				ONLY_ACTIVE_ARCH = YES;
				SDKROOT = macosx;
			};
			name = Debug;
		};
		8E16B00D16DBDCBA006BA148 /* Release */ = {
			isa = XCBuildConfiguration;
			buildSettings = {
				ALWAYS_SEARCH_USER_PATHS = NO;
				ARCHS = "$(ARCHS_STANDARD_64_BIT)";
				CLANG_CXX_LANGUAGE_STANDARD = "gnu++0x";
				CLANG_CXX_LIBRARY = "libc++";
				CLANG_WARN_CONSTANT_CONVERSION = YES;
				CLANG_WARN_EMPTY_BODY = YES;
				CLANG_WARN_ENUM_CONVERSION = YES;
				CLANG_WARN_INT_CONVERSION = YES;
				CLANG_WARN__DUPLICATE_METHOD_MATCH = YES;
				COPY_PHASE_STRIP = YES;
				DEBUG_INFORMATION_FORMAT = "dwarf-with-dsym";
				GCC_C_LANGUAGE_STANDARD = gnu99;
				GCC_ENABLE_OBJC_EXCEPTIONS = YES;
				GCC_WARN_64_TO_32_BIT_CONVERSION = YES;
				GCC_WARN_ABOUT_RETURN_TYPE = YES;
				GCC_WARN_UNINITIALIZED_AUTOS = YES;
				GCC_WARN_UNUSED_VARIABLE = YES;
				MACOSX_DEPLOYMENT_TARGET = 10.8;
				SDKROOT = macosx;
			};
			name = Release;
		};
		8E16B00F16DBDCBA006BA148 /* Debug */ = {
			isa = XCBuildConfiguration;
			buildSettings = {
				PRODUCT_NAME = "$(TARGET_NAME)";
			};
			name = Debug;
		};
		8E16B01016DBDCBA006BA148 /* Release */ = {
			isa = XCBuildConfiguration;
			buildSettings = {
				PRODUCT_NAME = "$(TARGET_NAME)";
			};
			name = Release;
		};
/* End XCBuildConfiguration section */

/* Begin XCConfigurationList section */
		8E16B00016DBDCB9006BA148 /* Build configuration list for PBXProject "Quadrae" */ = {
			isa = XCConfigurationList;
			buildConfigurations = (
				8E16B00C16DBDCBA006BA148 /* Debug */,
				8E16B00D16DBDCBA006BA148 /* Release */,
			);
			defaultConfigurationIsVisible = 0;
			defaultConfigurationName = Release;
		};
		8E16B00E16DBDCBA006BA148 /* Build configuration list for PBXNativeTarget "Quadrae" */ = {
			isa = XCConfigurationList;
			buildConfigurations = (
				8E16B00F16DBDCBA006BA148 /* Debug */,
				8E16B01016DBDCBA006BA148 /* Release */,
			);
			defaultConfigurationIsVisible = 0;
		};
/* End XCConfigurationList section */
	};
	rootObject = 8E16AFFD16DBDCB9006BA148 /* Project object */;
}
