// !$*UTF8*$!
{
	archiveVersion = 1;
	classes = {
	};
	objectVersion = 46;
	objects = {

/* Begin PBXBuildFile section */
		8E16B00916DBDCBA006BA148 /* main.cpp in Sources */ = {isa = PBXBuildFile; fileRef = 8E16B00816DBDCBA006BA148 /* main.cpp */; };
		8E16B01516DBDCFF006BA148 /* sfml-audio.framework in Frameworks */ = {isa = PBXBuildFile; fileRef = 8E16B01116DBDCFF006BA148 /* sfml-audio.framework */; };
		8E16B01616DBDCFF006BA148 /* sfml-graphics.framework in Frameworks */ = {isa = PBXBuildFile; fileRef = 8E16B01216DBDCFF006BA148 /* sfml-graphics.framework */; };
		8E16B01716DBDCFF006BA148 /* sfml-system.framework in Frameworks */ = {isa = PBXBuildFile; fileRef = 8E16B01316DBDCFF006BA148 /* sfml-system.framework */; };
		8E16B01816DBDCFF006BA148 /* sfml-window.framework in Frameworks */ = {isa = PBXBuildFile; fileRef = 8E16B01416DBDCFF006BA148 /* sfml-window.framework */; };
		8E16B01C16DBE87D006BA148 /* GameScene.cpp in Sources */ = {isa = PBXBuildFile; fileRef = 8E16B01A16DBE87D006BA148 /* GameScene.cpp */; };
		8E16B02016DC30C8006BA148 /* Common.cpp in Sources */ = {isa = PBXBuildFile; fileRef = 8E16B01E16DC30C8006BA148 /* Common.cpp */; };
		8E16B02316DC38D2006BA148 /* GameView.cpp in Sources */ = {isa = PBXBuildFile; fileRef = 8E16B02116DC38D2006BA148 /* GameView.cpp */; };
		8E16B02616DC4210006BA148 /* Quadrae.cpp in Sources */ = {isa = PBXBuildFile; fileRef = 8E16B02416DC4210006BA148 /* Quadrae.cpp */; };
		8E6D2C1216E4F160008FCBFE /* Shape.cpp in Sources */ = {isa = PBXBuildFile; fileRef = 8E6D2C1016E4F160008FCBFE /* Shape.cpp */; };
		8E6D2C1716E943E1008FCBFE /* Scene.cpp in Sources */ = {isa = PBXBuildFile; fileRef = 8E6D2C1616E943E1008FCBFE /* Scene.cpp */; };
		8E6D2C1A16E94B02008FCBFE /* TitleScene.cpp in Sources */ = {isa = PBXBuildFile; fileRef = 8E6D2C1816E94B02008FCBFE /* TitleScene.cpp */; };
		8E6D2C1D16E95D84008FCBFE /* TitleView.cpp in Sources */ = {isa = PBXBuildFile; fileRef = 8E6D2C1B16E95D84008FCBFE /* TitleView.cpp */; };
		8E6D2C2016ED2009008FCBFE /* Assets.cpp in Sources */ = {isa = PBXBuildFile; fileRef = 8E6D2C1E16ED2009008FCBFE /* Assets.cpp */; };
/* End PBXBuildFile section */

/* Begin PBXCopyFilesBuildPhase section */
		8E16B00316DBDCBA006BA148 /* CopyFiles */ = {
			isa = PBXCopyFilesBuildPhase;
			buildActionMask = 2147483647;
			dstPath = /usr/share/man/man1/;
			dstSubfolderSpec = 0;
			files = (
			);
			runOnlyForDeploymentPostprocessing = 1;
		};
/* End PBXCopyFilesBuildPhase section */

/* Begin PBXFileReference section */
		8E16B00516DBDCBA006BA148 /* Quadrae */ = {isa = PBXFileReference; explicitFileType = "compiled.mach-o.executable"; includeInIndex = 0; path = Quadrae; sourceTree = BUILT_PRODUCTS_DIR; };
		8E16B00816DBDCBA006BA148 /* main.cpp */ = {isa = PBXFileReference; lastKnownFileType = sourcecode.cpp.cpp; path = main.cpp; sourceTree = "<group>"; };
		8E16B01116DBDCFF006BA148 /* sfml-audio.framework */ = {isa = PBXFileReference; lastKnownFileType = wrapper.framework; name = "sfml-audio.framework"; path = "../../../Library/Frameworks/sfml-audio.framework"; sourceTree = "<group>"; };
		8E16B01216DBDCFF006BA148 /* sfml-graphics.framework */ = {isa = PBXFileReference; lastKnownFileType = wrapper.framework; name = "sfml-graphics.framework"; path = "../../../Library/Frameworks/sfml-graphics.framework"; sourceTree = "<group>"; };
		8E16B01316DBDCFF006BA148 /* sfml-system.framework */ = {isa = PBXFileReference; lastKnownFileType = wrapper.framework; name = "sfml-system.framework"; path = "../../../Library/Frameworks/sfml-system.framework"; sourceTree = "<group>"; };
		8E16B01416DBDCFF006BA148 /* sfml-window.framework */ = {isa = PBXFileReference; lastKnownFileType = wrapper.framework; name = "sfml-window.framework"; path = "../../../Library/Frameworks/sfml-window.framework"; sourceTree = "<group>"; };
		8E16B01A16DBE87D006BA148 /* GameScene.cpp */ = {isa = PBXFileReference; fileEncoding = 4; lastKnownFileType = sourcecode.cpp.cpp; path = GameScene.cpp; sourceTree = "<group>"; };
		8E16B01B16DBE87D006BA148 /* GameScene.h */ = {isa = PBXFileReference; fileEncoding = 4; lastKnownFileType = sourcecode.c.h; path = GameScene.h; sourceTree = "<group>"; };
		8E16B01E16DC30C8006BA148 /* Common.cpp */ = {isa = PBXFileReference; fileEncoding = 4; lastKnownFileType = sourcecode.cpp.cpp; path = Common.cpp; sourceTree = "<group>"; };
		8E16B01F16DC30C8006BA148 /* Common.h */ = {isa = PBXFileReference; fileEncoding = 4; lastKnownFileType = sourcecode.c.h; path = Common.h; sourceTree = "<group>"; };
		8E16B02116DC38D2006BA148 /* GameView.cpp */ = {isa = PBXFileReference; fileEncoding = 4; lastKnownFileType = sourcecode.cpp.cpp; path = GameView.cpp; sourceTree = "<group>"; };
		8E16B02216DC38D2006BA148 /* GameView.h */ = {isa = PBXFileReference; fileEncoding = 4; lastKnownFileType = sourcecode.c.h; path = GameView.h; sourceTree = "<group>"; };
		8E16B02416DC4210006BA148 /* Quadrae.cpp */ = {isa = PBXFileReference; fileEncoding = 4; lastKnownFileType = sourcecode.cpp.cpp; path = Quadrae.cpp; sourceTree = "<group>"; };
		8E16B02516DC4210006BA148 /* Quadrae.h */ = {isa = PBXFileReference; fileEncoding = 4; lastKnownFileType = sourcecode.c.h; path = Quadrae.h; sourceTree = "<group>"; };
		8E6D2C1016E4F160008FCBFE /* Shape.cpp */ = {isa = PBXFileReference; fileEncoding = 4; lastKnownFileType = sourcecode.cpp.cpp; path = Shape.cpp; sourceTree = "<group>"; };
		8E6D2C1116E4F160008FCBFE /* Shape.h */ = {isa = PBXFileReference; fileEncoding = 4; lastKnownFileType = sourcecode.c.h; path = Shape.h; sourceTree = "<group>"; };
		8E6D2C1416E93FCE008FCBFE /* Scene.h */ = {isa = PBXFileReference; fileEncoding = 4; lastKnownFileType = sourcecode.c.h; path = Scene.h; sourceTree = "<group>"; };
		8E6D2C1616E943E1008FCBFE /* Scene.cpp */ = {isa = PBXFileReference; fileEncoding = 4; lastKnownFileType = sourcecode.cpp.cpp; path = Scene.cpp; sourceTree = "<group>"; };
		8E6D2C1816E94B02008FCBFE /* TitleScene.cpp */ = {isa = PBXFileReference; fileEncoding = 4; lastKnownFileType = sourcecode.cpp.cpp; path = TitleScene.cpp; sourceTree = "<group>"; };
		8E6D2C1916E94B02008FCBFE /* TitleScene.h */ = {isa = PBXFileReference; fileEncoding = 4; lastKnownFileType = sourcecode.c.h; path = TitleScene.h; sourceTree = "<group>"; };
		8E6D2C1B16E95D84008FCBFE /* TitleView.cpp */ = {isa = PBXFileReference; fileEncoding = 4; lastKnownFileType = sourcecode.cpp.cpp; path = TitleView.cpp; sourceTree = "<group>"; };
		8E6D2C1C16E95D84008FCBFE /* TitleView.h */ = {isa = PBXFileReference; fileEncoding = 4; lastKnownFileType = sourcecode.c.h; path = TitleView.h; sourceTree = "<group>"; };
		8E6D2C1E16ED2009008FCBFE /* Assets.cpp */ = {isa = PBXFileReference; fileEncoding = 4; lastKnownFileType = sourcecode.cpp.cpp; path = Assets.cpp; sourceTree = "<group>"; };
		8E6D2C1F16ED2009008FCBFE /* Assets.h */ = {isa = PBXFileReference; fileEncoding = 4; lastKnownFileType = sourcecode.c.h; path = Assets.h; sourceTree = "<group>"; };
/* End PBXFileReference section */

/* Begin PBXFrameworksBuildPhase section */
		8E16B00216DBDCBA006BA148 /* Frameworks */ = {
			isa = PBXFrameworksBuildPhase;
			buildActionMask = 2147483647;
			files = (
				8E16B01516DBDCFF006BA148 /* sfml-audio.framework in Frameworks */,
				8E16B01616DBDCFF006BA148 /* sfml-graphics.framework in Frameworks */,
				8E16B01716DBDCFF006BA148 /* sfml-system.framework in Frameworks */,
				8E16B01816DBDCFF006BA148 /* sfml-window.framework in Frameworks */,
			);
			runOnlyForDeploymentPostprocessing = 0;
		};
/* End PBXFrameworksBuildPhase section */

/* Begin PBXGroup section */
		8E16AFFC16DBDCB9006BA148 = {
			isa = PBXGroup;
			children = (
				8E16B01916DBDD04006BA148 /* SFML */,
				8E16B00716DBDCBA006BA148 /* Quadrae */,
				8E16B00616DBDCBA006BA148 /* Products */,
			);
			sourceTree = "<group>";
		};
		8E16B00616DBDCBA006BA148 /* Products */ = {
			isa = PBXGroup;
			children = (
				8E16B00516DBDCBA006BA148 /* Quadrae */,
			);
			name = Products;
			sourceTree = "<group>";
		};
		8E16B00716DBDCBA006BA148 /* Quadrae */ = {
			isa = PBXGroup;
			children = (
				8E16B01E16DC30C8006BA148 /* Common.cpp */,
				8E16B01F16DC30C8006BA148 /* Common.h */,
				8E6D2C1E16ED2009008FCBFE /* Assets.cpp */,
				8E6D2C1F16ED2009008FCBFE /* Assets.h */,
				8E6D2C2216ED260A008FCBFE /* Models */,
				8E6D2C2116ED25ED008FCBFE /* Views */,
				8E6D2C2316ED2636008FCBFE /* Scene Controllers */,
				8E16B00816DBDCBA006BA148 /* main.cpp */,
			);
			path = Quadrae;
			sourceTree = "<group>";
		};
		8E16B01916DBDD04006BA148 /* SFML */ = {
			isa = PBXGroup;
			children = (
				8E16B01116DBDCFF006BA148 /* sfml-audio.framework */,
				8E16B01216DBDCFF006BA148 /* sfml-graphics.framework */,
				8E16B01316DBDCFF006BA148 /* sfml-system.framework */,
				8E16B01416DBDCFF006BA148 /* sfml-window.framework */,
			);
			name = SFML;
			sourceTree = "<group>";
		};
		8E6D2C2116ED25ED008FCBFE /* Views */ = {
			isa = PBXGroup;
			children = (
				8E16B02116DC38D2006BA148 /* GameView.cpp */,
				8E16B02216DC38D2006BA148 /* GameView.h */,
				8E6D2C1B16E95D84008FCBFE /* TitleView.cpp */,
				8E6D2C1C16E95D84008FCBFE /* TitleView.h */,
			);
			name = Views;
			sourceTree = "<group>";
		};
		8E6D2C2216ED260A008FCBFE /* Models */ = {
			isa = PBXGroup;
			children = (
				8E6D2C1016E4F160008FCBFE /* Shape.cpp */,
				8E6D2C1116E4F160008FCBFE /* Shape.h */,
				8E16B02416DC4210006BA148 /* Quadrae.cpp */,
				8E16B02516DC4210006BA148 /* Quadrae.h */,
			);
			name = Models;
			sourceTree = "<group>";
		};
		8E6D2C2316ED2636008FCBFE /* Scene Controllers */ = {
			isa = PBXGroup;
			children = (
				8E6D2C1616E943E1008FCBFE /* Scene.cpp */,
				8E6D2C1416E93FCE008FCBFE /* Scene.h */,
				8E6D2C1816E94B02008FCBFE /* TitleScene.cpp */,
				8E6D2C1916E94B02008FCBFE /* TitleScene.h */,
				8E16B01A16DBE87D006BA148 /* GameScene.cpp */,
				8E16B01B16DBE87D006BA148 /* GameScene.h */,
			);
			name = "Scene Controllers";
			sourceTree = "<group>";
		};
/* End PBXGroup section */

/* Begin PBXNativeTarget section */
		8E16B00416DBDCBA006BA148 /* Quadrae */ = {
			isa = PBXNativeTarget;
			buildConfigurationList = 8E16B00E16DBDCBA006BA148 /* Build configuration list for PBXNativeTarget "Quadrae" */;
			buildPhases = (
				8E16B00116DBDCBA006BA148 /* Sources */,
				8E16B00216DBDCBA006BA148 /* Frameworks */,
				8E16B00316DBDCBA006BA148 /* CopyFiles */,
			);
			buildRules = (
			);
			dependencies = (
			);
			name = Quadrae;
			productName = Quadrae;
			productReference = 8E16B00516DBDCBA006BA148 /* Quadrae */;
			productType = "com.apple.product-type.tool";
		};
/* End PBXNativeTarget section */

/* Begin PBXProject section */
		8E16AFFD16DBDCB9006BA148 /* Project object */ = {
			isa = PBXProject;
			attributes = {
				LastUpgradeCheck = 0460;
				ORGANIZATIONNAME = "Arthur Langereis";
			};
			buildConfigurationList = 8E16B00016DBDCB9006BA148 /* Build configuration list for PBXProject "Quadrae" */;
			compatibilityVersion = "Xcode 3.2";
			developmentRegion = English;
			hasScannedForEncodings = 0;
			knownRegions = (
				en,
			);
			mainGroup = 8E16AFFC16DBDCB9006BA148;
			productRefGroup = 8E16B00616DBDCBA006BA148 /* Products */;
			projectDirPath = "";
			projectRoot = "";
			targets = (
				8E16B00416DBDCBA006BA148 /* Quadrae */,
			);
		};
/* End PBXProject section */

/* Begin PBXSourcesBuildPhase section */
		8E16B00116DBDCBA006BA148 /* Sources */ = {
			isa = PBXSourcesBuildPhase;
			buildActionMask = 2147483647;
			files = (
				8E16B00916DBDCBA006BA148 /* main.cpp in Sources */,
				8E16B01C16DBE87D006BA148 /* GameScene.cpp in Sources */,
				8E16B02016DC30C8006BA148 /* Common.cpp in Sources */,
				8E16B02316DC38D2006BA148 /* GameView.cpp in Sources */,
				8E16B02616DC4210006BA148 /* Quadrae.cpp in Sources */,
				8E6D2C1216E4F160008FCBFE /* Shape.cpp in Sources */,
				8E6D2C1716E943E1008FCBFE /* Scene.cpp in Sources */,
				8E6D2C1A16E94B02008FCBFE /* TitleScene.cpp in Sources */,
				8E6D2C1D16E95D84008FCBFE /* TitleView.cpp in Sources */,
				8E6D2C2016ED2009008FCBFE /* Assets.cpp in Sources */,
			);
			runOnlyForDeploymentPostprocessing = 0;
		};
/* End PBXSourcesBuildPhase section */

/* Begin XCBuildConfiguration section */
		8E16B00C16DBDCBA006BA148 /* Debug */ = {
			isa = XCBuildConfiguration;
			buildSettings = {
				ALWAYS_SEARCH_USER_PATHS = NO;
				ARCHS = "$(ARCHS_STANDARD_64_BIT)";
				CLANG_ANALYZER_SECURITY_FLOATLOOPCOUNTER = YES;
				CLANG_ANALYZER_SECURITY_INSECUREAPI_RAND = YES;
				CLANG_ANALYZER_SECURITY_INSECUREAPI_STRCPY = YES;
				CLANG_CXX_LANGUAGE_STANDARD = "gnu++0x";
				CLANG_CXX_LIBRARY = "libc++";
				CLANG_WARN_CONSTANT_CONVERSION = YES;
				CLANG_WARN_EMPTY_BODY = YES;
				CLANG_WARN_ENUM_CONVERSION = YES;
				CLANG_WARN_INT_CONVERSION = YES;
				CLANG_WARN__DUPLICATE_METHOD_MATCH = YES;
				COPY_PHASE_STRIP = NO;
				GCC_C_LANGUAGE_STANDARD = gnu99;
				GCC_DYNAMIC_NO_PIC = NO;
				GCC_ENABLE_OBJC_EXCEPTIONS = YES;
				GCC_OPTIMIZATION_LEVEL = 0;
				GCC_PREPROCESSOR_DEFINITIONS = (
					"DEBUG=1",
					"$(inherited)",
				);
				GCC_SYMBOLS_PRIVATE_EXTERN = NO;
				GCC_WARN_64_TO_32_BIT_CONVERSION = YES;
				GCC_WARN_ABOUT_RETURN_TYPE = YES;
				GCC_WARN_HIDDEN_VIRTUAL_FUNCTIONS = YES;
				GCC_WARN_NON_VIRTUAL_DESTRUCTOR = YES;
				GCC_WARN_SHADOW = YES;
				GCC_WARN_UNINITIALIZED_AUTOS = YES;
				GCC_WARN_UNUSED_VARIABLE = YES;
				MACOSX_DEPLOYMENT_TARGET = 10.8;
				ONLY_ACTIVE_ARCH = YES;
				OTHER_CPLUSPLUSFLAGS = "$(OTHER_CFLAGS)";
				SDKROOT = macosx;
				WARNING_CFLAGS = (
					"-Weverything",
					"-Wno-c++98-compat",
					"-Wno-c++98-compat-pedantic",
					"-Wno-padded",
					"-Wno-documentation",
					"-Wno-global-constructors",
				);
			};
			name = Debug;
		};
		8E16B00D16DBDCBA006BA148 /* Release */ = {
			isa = XCBuildConfiguration;
			buildSettings = {
				ALWAYS_SEARCH_USER_PATHS = NO;
				ARCHS = "$(ARCHS_STANDARD_64_BIT)";
				CLANG_ANALYZER_SECURITY_FLOATLOOPCOUNTER = YES;
				CLANG_ANALYZER_SECURITY_INSECUREAPI_RAND = YES;
				CLANG_ANALYZER_SECURITY_INSECUREAPI_STRCPY = YES;
				CLANG_CXX_LANGUAGE_STANDARD = "gnu++0x";
				CLANG_CXX_LIBRARY = "libc++";
				CLANG_WARN_CONSTANT_CONVERSION = YES;
				CLANG_WARN_EMPTY_BODY = YES;
				CLANG_WARN_ENUM_CONVERSION = YES;
				CLANG_WARN_INT_CONVERSION = YES;
				CLANG_WARN__DUPLICATE_METHOD_MATCH = YES;
				COPY_PHASE_STRIP = YES;
				DEBUG_INFORMATION_FORMAT = "dwarf-with-dsym";
				GCC_C_LANGUAGE_STANDARD = gnu99;
				GCC_ENABLE_OBJC_EXCEPTIONS = YES;
				GCC_WARN_64_TO_32_BIT_CONVERSION = YES;
				GCC_WARN_ABOUT_RETURN_TYPE = YES;
				GCC_WARN_HIDDEN_VIRTUAL_FUNCTIONS = YES;
				GCC_WARN_NON_VIRTUAL_DESTRUCTOR = YES;
				GCC_WARN_SHADOW = YES;
				GCC_WARN_UNINITIALIZED_AUTOS = YES;
				GCC_WARN_UNUSED_VARIABLE = YES;
				MACOSX_DEPLOYMENT_TARGET = 10.8;
				OTHER_CPLUSPLUSFLAGS = "$(OTHER_CFLAGS)";
				SDKROOT = macosx;
				WARNING_CFLAGS = (
					"-Weverything",
					"-Wno-c++98-compat",
					"-Wno-c++98-compat-pedantic",
					"-Wno-padded",
					"-Wno-documentation",
					"-Wno-global-constructors",
				);
			};
			name = Release;
		};
		8E16B00F16DBDCBA006BA148 /* Debug */ = {
			isa = XCBuildConfiguration;
			buildSettings = {
				FRAMEWORK_SEARCH_PATHS = (
					"$(inherited)",
					"\"$(SRCROOT)/../../../Library/Frameworks\"",
				);
				PRODUCT_NAME = "$(TARGET_NAME)";
			};
			name = Debug;
		};
		8E16B01016DBDCBA006BA148 /* Release */ = {
			isa = XCBuildConfiguration;
			buildSettings = {
				FRAMEWORK_SEARCH_PATHS = (
					"$(inherited)",
					"\"$(SRCROOT)/../../../Library/Frameworks\"",
				);
				PRODUCT_NAME = "$(TARGET_NAME)";
			};
			name = Release;
		};
/* End XCBuildConfiguration section */

/* Begin XCConfigurationList section */
		8E16B00016DBDCB9006BA148 /* Build configuration list for PBXProject "Quadrae" */ = {
			isa = XCConfigurationList;
			buildConfigurations = (
				8E16B00C16DBDCBA006BA148 /* Debug */,
				8E16B00D16DBDCBA006BA148 /* Release */,
			);
			defaultConfigurationIsVisible = 0;
			defaultConfigurationName = Release;
		};
		8E16B00E16DBDCBA006BA148 /* Build configuration list for PBXNativeTarget "Quadrae" */ = {
			isa = XCConfigurationList;
			buildConfigurations = (
				8E16B00F16DBDCBA006BA148 /* Debug */,
				8E16B01016DBDCBA006BA148 /* Release */,
			);
			defaultConfigurationIsVisible = 0;
			defaultConfigurationName = Release;
		};
/* End XCConfigurationList section */
	};
	rootObject = 8E16AFFD16DBDCB9006BA148 /* Project object */;
}
